Microsoft Visual Studio Solution File, Format Version 11.00
# Visual Studio 2008

Project("{29999EBD-E126-850F-55EC-85C939D29ABA}") = "ProjectBarb", "Assembly-CSharp-firstpass.csproj", "{C06B8A34-0DE9-4BB0-2400-80A3C954922C}"
EndProject
Project("{29999EBD-E126-850F-55EC-85C939D29ABA}") = "ProjectBarb", "Assembly-CSharp.csproj", "{891C1BAA-A231-479D-8275-31D4E5D7F94A}"
EndProject
Project("{29999EBD-E126-850F-55EC-85C939D29ABA}") = "ProjectBarb", "Assembly-CSharp-Editor.csproj", "{A6ED531A-150E-FBA8-0463-60B22E7E0FB0}"
EndProject
Global
	GlobalSection(SolutionConfigurationPlatforms) = preSolution
		Debug|Any CPU = Debug|Any CPU
		Release|Any CPU = Release|Any CPU
	EndGlobalSection
	GlobalSection(ProjectConfigurationPlatforms) = postSolution
		{C06B8A34-0DE9-4BB0-2400-80A3C954922C}.Debug|Any CPU.ActiveCfg = Debug|Any CPU
		{C06B8A34-0DE9-4BB0-2400-80A3C954922C}.Debug|Any CPU.Build.0 = Debug|Any CPU
		{C06B8A34-0DE9-4BB0-2400-80A3C954922C}.Release|Any CPU.ActiveCfg = Release|Any CPU
		{C06B8A34-0DE9-4BB0-2400-80A3C954922C}.Release|Any CPU.Build.0 = Release|Any CPU
		{891C1BAA-A231-479D-8275-31D4E5D7F94A}.Debug|Any CPU.ActiveCfg = Debug|Any CPU
		{891C1BAA-A231-479D-8275-31D4E5D7F94A}.Debug|Any CPU.Build.0 = Debug|Any CPU
		{891C1BAA-A231-479D-8275-31D4E5D7F94A}.Release|Any CPU.ActiveCfg = Release|Any CPU
		{891C1BAA-A231-479D-8275-31D4E5D7F94A}.Release|Any CPU.Build.0 = Release|Any CPU
		{A6ED531A-150E-FBA8-0463-60B22E7E0FB0}.Debug|Any CPU.ActiveCfg = Debug|Any CPU
		{A6ED531A-150E-FBA8-0463-60B22E7E0FB0}.Debug|Any CPU.Build.0 = Debug|Any CPU
		{A6ED531A-150E-FBA8-0463-60B22E7E0FB0}.Release|Any CPU.ActiveCfg = Release|Any CPU
		{A6ED531A-150E-FBA8-0463-60B22E7E0FB0}.Release|Any CPU.Build.0 = Release|Any CPU
	EndGlobalSection
	GlobalSection(SolutionProperties) = preSolution
		HideSolutionNode = FALSE
	EndGlobalSection
	GlobalSection(MonoDevelopProperties) = preSolution
		StartupItem = Assembly-CSharp.csproj
	EndGlobalSection
EndGlobal
